{"1.1.0",
[{<<"ebus">>,{pkg,<<"erlbus">>,<<"0.2.2">>},0},
 {<<"shards">>,{pkg,<<"shards">>,<<"0.6.0">>},1}]}.
[
{pkg_hash,[
 {<<"ebus">>, <<"ABDF324469FD1C3AE6CA73CAB8DC4C650E19216C3EA99118A4EE4BE14F26E86A">>},
 {<<"shards">>, <<"678D292AD74A4598A872930F9B12251F43E97F6050287F1FB712FBFD3D282F75">>}]}
].
